
Microsoft Visual Studio Solution File, Format Version 12.00
# Visual Studio Version 16
VisualStudioVersion = 16.0.30104.148
MinimumVisualStudioVersion = 10.0.40219.1
Project("{9A19103F-16F7-4668-BE54-9A1E7A4F7556}") = "CompleteVsDispose", "CompleteVsDispose\CompleteVsDispose.csproj", "{5A8F0876-3138-4695-866F-463D0FF1A857}"
EndProject
Project("{2150E333-8FDC-42A3-9474-1A3956D46DE8}") = "Solution Items", "Solution Items", "{59DFB8C6-CEAA-4921-9FA9-5B2717F991C0}"
	ProjectSection(SolutionItems) = preProject
		Capture.png = Capture.png
		ReadMe.txt = ReadMe.txt
	EndProjectSection
EndProject
Global
	GlobalSection(SolutionConfigurationPlatforms) = preSolution
		Debug|Any CPU = Debug|Any CPU
		Release|Any CPU = Release|Any CPU
	EndGlobalSection
	GlobalSection(ProjectConfigurationPlatforms) = postSolution
		{5A8F0876-3138-4695-866F-463D0FF1A857}.Debug|Any CPU.ActiveCfg = Debug|Any CPU
		{5A8F0876-3138-4695-866F-463D0FF1A857}.Debug|Any CPU.Build.0 = Debug|Any CPU
		{5A8F0876-3138-4695-866F-463D0FF1A857}.Release|Any CPU.ActiveCfg = Release|Any CPU
		{5A8F0876-3138-4695-866F-463D0FF1A857}.Release|Any CPU.Build.0 = Release|Any CPU
	EndGlobalSection
	GlobalSection(SolutionProperties) = preSolution
		HideSolutionNode = FALSE
	EndGlobalSection
	GlobalSection(ExtensibilityGlobals) = postSolution
		SolutionGuid = {05C5DA4D-3C6E-4CE6-9E11-16711F1E795C}
	EndGlobalSection
EndGlobal
